
Microsoft Visual Studio Solution File, Format Version 12.00
# Visual Studio Version 16
VisualStudioVersion = 16.0.30717.126
MinimumVisualStudioVersion = 10.0.40219.1
Project("{FAE04EC0-301F-11D3-BF4B-00C04F79EFBC}") = "Converter", "Converter\Converter.csproj", "{7FF3D43A-AEA4-4619-BBE9-B89D96B3FCDC}"
EndProject
Global
	GlobalSection(SolutionConfigurationPlatforms) = preSolution
		Debug|Any CPU = Debug|Any CPU
		Release|Any CPU = Release|Any CPU
	EndGlobalSection
	GlobalSection(ProjectConfigurationPlatforms) = postSolution
		{7FF3D43A-AEA4-4619-BBE9-B89D96B3FCDC}.Debug|Any CPU.ActiveCfg = Debug|Any CPU
		{7FF3D43A-AEA4-4619-BBE9-B89D96B3FCDC}.Debug|Any CPU.Build.0 = Debug|Any CPU
		{7FF3D43A-AEA4-4619-BBE9-B89D96B3FCDC}.Release|Any CPU.ActiveCfg = Release|Any CPU
		{7FF3D43A-AEA4-4619-BBE9-B89D96B3FCDC}.Release|Any CPU.Build.0 = Release|Any CPU
	EndGlobalSection
	GlobalSection(SolutionProperties) = preSolution
		HideSolutionNode = FALSE
	EndGlobalSection
	GlobalSection(ExtensibilityGlobals) = postSolution
		SolutionGuid = {E2A2F1D0-4724-4A7F-99EC-466D9B09CCAD}
	EndGlobalSection
EndGlobal
